
Microsoft Visual Studio Solution File, Format Version 12.00
# Visual Studio Version 16
VisualStudioVersion = 16.0.33801.447
MinimumVisualStudioVersion = 10.0.40219.1
Project("{FAE04EC0-301F-11D3-BF4B-00C04F79EFBC}") = "project_RSP_2", "project_RSP_2\project_RSP_2.csproj", "{EBD0EE33-D7D7-4BBD-92BE-C4AFBCE64F44}"
EndProject
Global
	GlobalSection(SolutionConfigurationPlatforms) = preSolution
		Debug|Any CPU = Debug|Any CPU
		Release|Any CPU = Release|Any CPU
	EndGlobalSection
	GlobalSection(ProjectConfigurationPlatforms) = postSolution
		{EBD0EE33-D7D7-4BBD-92BE-C4AFBCE64F44}.Debug|Any CPU.ActiveCfg = Debug|Any CPU
		{EBD0EE33-D7D7-4BBD-92BE-C4AFBCE64F44}.Debug|Any CPU.Build.0 = Debug|Any CPU
		{EBD0EE33-D7D7-4BBD-92BE-C4AFBCE64F44}.Release|Any CPU.ActiveCfg = Release|Any CPU
		{EBD0EE33-D7D7-4BBD-92BE-C4AFBCE64F44}.Release|Any CPU.Build.0 = Release|Any CPU
	EndGlobalSection
	GlobalSection(SolutionProperties) = preSolution
		HideSolutionNode = FALSE
	EndGlobalSection
	GlobalSection(ExtensibilityGlobals) = postSolution
		SolutionGuid = {21A79C26-778C-4509-8FB9-14C804CD5592}
	EndGlobalSection
EndGlobal
